
Microsoft Visual Studio Solution File, Format Version 12.00
# Visual Studio Version 16
VisualStudioVersion = 16.0.29709.97
MinimumVisualStudioVersion = 10.0.40219.1
Project("{FAE04EC0-301F-11D3-BF4B-00C04F79EFBC}") = "HammerAndStain.Projects.CostCalculator.Wpf", "HammerAndStain.Projects.CostCalculator.Wpf\HammerAndStain.Projects.CostCalculator.Wpf.csproj", "{FF0EC2C1-9D32-4FD1-A006-FC9E9A02ECF2}"
EndProject
Project("{FAE04EC0-301F-11D3-BF4B-00C04F79EFBC}") = "HammerAndStain.Projects.CostCalculator.Core", "HammerAndStain.Projects.CostCalculator.Core\HammerAndStain.Projects.CostCalculator.Core.csproj", "{ACA3542E-1CF9-46FA-B50A-68E51ADDC51F}"
EndProject
Global
	GlobalSection(SolutionConfigurationPlatforms) = preSolution
		Debug|Any CPU = Debug|Any CPU
		Release|Any CPU = Release|Any CPU
	EndGlobalSection
	GlobalSection(ProjectConfigurationPlatforms) = postSolution
		{FF0EC2C1-9D32-4FD1-A006-FC9E9A02ECF2}.Debug|Any CPU.ActiveCfg = Debug|Any CPU
		{FF0EC2C1-9D32-4FD1-A006-FC9E9A02ECF2}.Debug|Any CPU.Build.0 = Debug|Any CPU
		{FF0EC2C1-9D32-4FD1-A006-FC9E9A02ECF2}.Release|Any CPU.ActiveCfg = Release|Any CPU
		{FF0EC2C1-9D32-4FD1-A006-FC9E9A02ECF2}.Release|Any CPU.Build.0 = Release|Any CPU
		{ACA3542E-1CF9-46FA-B50A-68E51ADDC51F}.Debug|Any CPU.ActiveCfg = Debug|Any CPU
		{ACA3542E-1CF9-46FA-B50A-68E51ADDC51F}.Debug|Any CPU.Build.0 = Debug|Any CPU
		{ACA3542E-1CF9-46FA-B50A-68E51ADDC51F}.Release|Any CPU.ActiveCfg = Release|Any CPU
		{ACA3542E-1CF9-46FA-B50A-68E51ADDC51F}.Release|Any CPU.Build.0 = Release|Any CPU
	EndGlobalSection
	GlobalSection(SolutionProperties) = preSolution
		HideSolutionNode = FALSE
	EndGlobalSection
	GlobalSection(ExtensibilityGlobals) = postSolution
		SolutionGuid = {021C17DB-5714-4836-9488-981F22E26063}
	EndGlobalSection
EndGlobal
